
Microsoft Visual Studio Solution File, Format Version 12.00
# Visual Studio Version 17
VisualStudioVersion = 17.3.32929.385
MinimumVisualStudioVersion = 10.0.40219.1
Project("{FAE04EC0-301F-11D3-BF4B-00C04F79EFBC}") = "Oficina", "Oficina\Oficina.csproj", "{F10316F9-0DE8-40E3-9796-A8345163797B}"
EndProject
Project("{FAE04EC0-301F-11D3-BF4B-00C04F79EFBC}") = "Models", "Models\Models.csproj", "{8BF4C261-1784-4748-9D04-AA111AC7D010}"
EndProject
Global
	GlobalSection(SolutionConfigurationPlatforms) = preSolution
		Debug|Any CPU = Debug|Any CPU
		Release|Any CPU = Release|Any CPU
	EndGlobalSection
	GlobalSection(ProjectConfigurationPlatforms) = postSolution
		{F10316F9-0DE8-40E3-9796-A8345163797B}.Debug|Any CPU.ActiveCfg = Debug|Any CPU
		{F10316F9-0DE8-40E3-9796-A8345163797B}.Debug|Any CPU.Build.0 = Debug|Any CPU
		{F10316F9-0DE8-40E3-9796-A8345163797B}.Release|Any CPU.ActiveCfg = Release|Any CPU
		{F10316F9-0DE8-40E3-9796-A8345163797B}.Release|Any CPU.Build.0 = Release|Any CPU
		{8BF4C261-1784-4748-9D04-AA111AC7D010}.Debug|Any CPU.ActiveCfg = Debug|Any CPU
		{8BF4C261-1784-4748-9D04-AA111AC7D010}.Debug|Any CPU.Build.0 = Debug|Any CPU
		{8BF4C261-1784-4748-9D04-AA111AC7D010}.Release|Any CPU.ActiveCfg = Release|Any CPU
		{8BF4C261-1784-4748-9D04-AA111AC7D010}.Release|Any CPU.Build.0 = Release|Any CPU
	EndGlobalSection
	GlobalSection(SolutionProperties) = preSolution
		HideSolutionNode = FALSE
	EndGlobalSection
	GlobalSection(ExtensibilityGlobals) = postSolution
		SolutionGuid = {167E0D21-847F-4F1C-B429-5D933E66A41E}
	EndGlobalSection
EndGlobal
